
Microsoft Visual Studio Solution File, Format Version 12.00
# Visual Studio Version 16
VisualStudioVersion = 16.0.31410.357
MinimumVisualStudioVersion = 10.0.40219.1
Project("{9A19103F-16F7-4668-BE54-9A1E7A4F7556}") = "Tata.Web.Api", "Tata.Web.Api\Tata.Web.Api.csproj", "{71574723-1702-4A5A-BEA2-F179CBC4084A}"
EndProject
Project("{9A19103F-16F7-4668-BE54-9A1E7A4F7556}") = "Tata.Web.Api.Test", "Tata.Web.Api.Test\Tata.Web.Api.Test.csproj", "{0C56EDFC-0230-40C3-9B27-0C6BE7342DD5}"
EndProject
Global
	GlobalSection(SolutionConfigurationPlatforms) = preSolution
		Debug|Any CPU = Debug|Any CPU
		Release|Any CPU = Release|Any CPU
	EndGlobalSection
	GlobalSection(ProjectConfigurationPlatforms) = postSolution
		{71574723-1702-4A5A-BEA2-F179CBC4084A}.Debug|Any CPU.ActiveCfg = Debug|Any CPU
		{71574723-1702-4A5A-BEA2-F179CBC4084A}.Debug|Any CPU.Build.0 = Debug|Any CPU
		{71574723-1702-4A5A-BEA2-F179CBC4084A}.Release|Any CPU.ActiveCfg = Release|Any CPU
		{71574723-1702-4A5A-BEA2-F179CBC4084A}.Release|Any CPU.Build.0 = Release|Any CPU
		{0C56EDFC-0230-40C3-9B27-0C6BE7342DD5}.Debug|Any CPU.ActiveCfg = Debug|Any CPU
		{0C56EDFC-0230-40C3-9B27-0C6BE7342DD5}.Debug|Any CPU.Build.0 = Debug|Any CPU
		{0C56EDFC-0230-40C3-9B27-0C6BE7342DD5}.Release|Any CPU.ActiveCfg = Release|Any CPU
		{0C56EDFC-0230-40C3-9B27-0C6BE7342DD5}.Release|Any CPU.Build.0 = Release|Any CPU
	EndGlobalSection
	GlobalSection(SolutionProperties) = preSolution
		HideSolutionNode = FALSE
	EndGlobalSection
	GlobalSection(ExtensibilityGlobals) = postSolution
		SolutionGuid = {841A8D22-B599-443B-941C-7C66A677E7C9}
	EndGlobalSection
EndGlobal
